
Microsoft Visual Studio Solution File, Format Version 12.00
# Visual Studio Version 17
VisualStudioVersion = 17.4.33122.133
MinimumVisualStudioVersion = 10.0.40219.1
Project("{9A19103F-16F7-4668-BE54-9A1E7A4F7556}") = "StringCalculatorKata", "StringCalculatorKata\StringCalculatorKata.csproj", "{361785C7-71F2-4C7A-BAEC-E708B3E9C01F}"
EndProject
Project("{2150E333-8FDC-42A3-9474-1A3956D46DE8}") = "Elementos de la solución", "Elementos de la solución", "{E5300F37-0726-494D-98BF-270F1164BDFF}"
	ProjectSection(SolutionItems) = preProject
		Readme.md = Readme.md
	EndProjectSection
EndProject
Project("{FAE04EC0-301F-11D3-BF4B-00C04F79EFBC}") = "StringCalculatorKataTests", "StringCalculatorKataTests\StringCalculatorKataTests.csproj", "{FBAA86C1-06A1-44CD-A991-5268BBC96E63}"
EndProject
Global
	GlobalSection(SolutionConfigurationPlatforms) = preSolution
		Debug|Any CPU = Debug|Any CPU
		Release|Any CPU = Release|Any CPU
	EndGlobalSection
	GlobalSection(ProjectConfigurationPlatforms) = postSolution
		{361785C7-71F2-4C7A-BAEC-E708B3E9C01F}.Debug|Any CPU.ActiveCfg = Debug|Any CPU
		{361785C7-71F2-4C7A-BAEC-E708B3E9C01F}.Debug|Any CPU.Build.0 = Debug|Any CPU
		{361785C7-71F2-4C7A-BAEC-E708B3E9C01F}.Release|Any CPU.ActiveCfg = Release|Any CPU
		{361785C7-71F2-4C7A-BAEC-E708B3E9C01F}.Release|Any CPU.Build.0 = Release|Any CPU
		{FBAA86C1-06A1-44CD-A991-5268BBC96E63}.Debug|Any CPU.ActiveCfg = Debug|Any CPU
		{FBAA86C1-06A1-44CD-A991-5268BBC96E63}.Debug|Any CPU.Build.0 = Debug|Any CPU
		{FBAA86C1-06A1-44CD-A991-5268BBC96E63}.Release|Any CPU.ActiveCfg = Release|Any CPU
		{FBAA86C1-06A1-44CD-A991-5268BBC96E63}.Release|Any CPU.Build.0 = Release|Any CPU
	EndGlobalSection
	GlobalSection(SolutionProperties) = preSolution
		HideSolutionNode = FALSE
	EndGlobalSection
	GlobalSection(ExtensibilityGlobals) = postSolution
		SolutionGuid = {81FC03C4-F648-40A6-BD6C-E35C30A7A04E}
	EndGlobalSection
EndGlobal
